{
  "name": "node-red-contrib-modbus-tcp-ip",
  "version": "1.1.5",
  "lockfileVersion": 3,
  "requires": true,
  "packages": {
    "": {
      "name": "node-red-contrib-modbus-tcp-ip",
      "version": "1.1.5",
      "license": "ISC",
      "dependencies": {
        "modbus-pdu": "^1.13.0"
      }
    },
    "node_modules/modbus-pdu": {
      "version": "1.13.1",
      "resolved": "https://registry.npmjs.org/modbus-pdu/-/modbus-pdu-1.13.1.tgz",
      "integrity": "sha512-zBFIDVGtDn2cpfJ2gwXjI4SVICN8MMwxDt+oeidtfr6AgVkvlO/T1/KyYGkgayiGK47jru+i0U3v6pnDjLOjoA=="
    }
  }
}
